
Microsoft Visual Studio Solution File, Format Version 12.00
# Visual Studio Version 17
VisualStudioVersion = 17.2.32526.322
MinimumVisualStudioVersion = 10.0.40219.1
Project("{FAE04EC0-301F-11D3-BF4B-00C04F79EFBC}") = "Day58Demo", "Day58Demo\Day58Demo.csproj", "{EE87AD87-F0C8-478E-B85F-EED91F68C1DB}"
EndProject
Global
	GlobalSection(SolutionConfigurationPlatforms) = preSolution
		Debug|Any CPU = Debug|Any CPU
		Release|Any CPU = Release|Any CPU
	EndGlobalSection
	GlobalSection(ProjectConfigurationPlatforms) = postSolution
		{EE87AD87-F0C8-478E-B85F-EED91F68C1DB}.Debug|Any CPU.ActiveCfg = Debug|Any CPU
		{EE87AD87-F0C8-478E-B85F-EED91F68C1DB}.Debug|Any CPU.Build.0 = Debug|Any CPU
		{EE87AD87-F0C8-478E-B85F-EED91F68C1DB}.Release|Any CPU.ActiveCfg = Release|Any CPU
		{EE87AD87-F0C8-478E-B85F-EED91F68C1DB}.Release|Any CPU.Build.0 = Release|Any CPU
	EndGlobalSection
	GlobalSection(SolutionProperties) = preSolution
		HideSolutionNode = FALSE
	EndGlobalSection
	GlobalSection(ExtensibilityGlobals) = postSolution
		SolutionGuid = {CE33982C-CE03-46E3-9437-954C3603D1F7}
	EndGlobalSection
EndGlobal
